
Microsoft Visual Studio Solution File, Format Version 12.00
# Visual Studio Version 17
VisualStudioVersion = 17.0.31912.275
MinimumVisualStudioVersion = 10.0.40219.1
Project("{9A19103F-16F7-4668-BE54-9A1E7A4F7556}") = "TempIO", "TempIO\TempIO.csproj", "{FAB7DC6F-FCD9-449F-A34C-8F434263DAED}"
EndProject
Project("{9A19103F-16F7-4668-BE54-9A1E7A4F7556}") = "Logika", "Logika\Logika.csproj", "{49EDE601-13BB-4C96-938E-74A55EF79293}"
EndProject
Global
	GlobalSection(SolutionConfigurationPlatforms) = preSolution
		Debug|Any CPU = Debug|Any CPU
		Release|Any CPU = Release|Any CPU
	EndGlobalSection
	GlobalSection(ProjectConfigurationPlatforms) = postSolution
		{FAB7DC6F-FCD9-449F-A34C-8F434263DAED}.Debug|Any CPU.ActiveCfg = Debug|Any CPU
		{FAB7DC6F-FCD9-449F-A34C-8F434263DAED}.Debug|Any CPU.Build.0 = Debug|Any CPU
		{FAB7DC6F-FCD9-449F-A34C-8F434263DAED}.Release|Any CPU.ActiveCfg = Release|Any CPU
		{FAB7DC6F-FCD9-449F-A34C-8F434263DAED}.Release|Any CPU.Build.0 = Release|Any CPU
		{49EDE601-13BB-4C96-938E-74A55EF79293}.Debug|Any CPU.ActiveCfg = Debug|Any CPU
		{49EDE601-13BB-4C96-938E-74A55EF79293}.Debug|Any CPU.Build.0 = Debug|Any CPU
		{49EDE601-13BB-4C96-938E-74A55EF79293}.Release|Any CPU.ActiveCfg = Release|Any CPU
		{49EDE601-13BB-4C96-938E-74A55EF79293}.Release|Any CPU.Build.0 = Release|Any CPU
	EndGlobalSection
	GlobalSection(SolutionProperties) = preSolution
		HideSolutionNode = FALSE
	EndGlobalSection
	GlobalSection(ExtensibilityGlobals) = postSolution
		SolutionGuid = {47C9EE07-9AFB-4EB2-8392-B7315BD0A0CF}
	EndGlobalSection
EndGlobal
